
Microsoft Visual Studio Solution File, Format Version 12.00
# Visual Studio 15
Project("{FAE04EC0-301F-11D3-BF4B-00C04F79EFBC}") = "Assembly-CSharp", "Assembly-CSharp.csproj", "{241BF2EF-61C7-2BA3-A7A5-A3F623AB104D}"
EndProject
Global
	GlobalSection(SolutionConfigurationPlatforms) = preSolution
		Debug|Any CPU = Debug|Any CPU
		Release|Any CPU = Release|Any CPU
	EndGlobalSection
	GlobalSection(ProjectConfigurationPlatforms) = postSolution
		{241BF2EF-61C7-2BA3-A7A5-A3F623AB104D}.Debug|Any CPU.ActiveCfg = Debug|Any CPU
		{241BF2EF-61C7-2BA3-A7A5-A3F623AB104D}.Debug|Any CPU.Build.0 = Debug|Any CPU
		{241BF2EF-61C7-2BA3-A7A5-A3F623AB104D}.Release|Any CPU.ActiveCfg = Release|Any CPU
		{241BF2EF-61C7-2BA3-A7A5-A3F623AB104D}.Release|Any CPU.Build.0 = Release|Any CPU
	EndGlobalSection
	GlobalSection(SolutionProperties) = preSolution
		HideSolutionNode = FALSE
	EndGlobalSection
EndGlobal
